
Microsoft Visual Studio Solution File, Format Version 12.00
# Visual Studio Version 17
VisualStudioVersion = 17.11.35327.3
MinimumVisualStudioVersion = 10.0.40219.1
Project("{FAE04EC0-301F-11D3-BF4B-00C04F79EFBC}") = "masterPage", "masterPage\masterPage.csproj", "{867BCA5A-6154-4475-A71B-50376BF40C17}"
EndProject
Global
	GlobalSection(SolutionConfigurationPlatforms) = preSolution
		Debug|Any CPU = Debug|Any CPU
		Release|Any CPU = Release|Any CPU
	EndGlobalSection
	GlobalSection(ProjectConfigurationPlatforms) = postSolution
		{867BCA5A-6154-4475-A71B-50376BF40C17}.Debug|Any CPU.ActiveCfg = Debug|Any CPU
		{867BCA5A-6154-4475-A71B-50376BF40C17}.Debug|Any CPU.Build.0 = Debug|Any CPU
		{867BCA5A-6154-4475-A71B-50376BF40C17}.Release|Any CPU.ActiveCfg = Release|Any CPU
		{867BCA5A-6154-4475-A71B-50376BF40C17}.Release|Any CPU.Build.0 = Release|Any CPU
	EndGlobalSection
	GlobalSection(SolutionProperties) = preSolution
		HideSolutionNode = FALSE
	EndGlobalSection
	GlobalSection(ExtensibilityGlobals) = postSolution
		SolutionGuid = {40C4D261-9422-4BD7-B653-8639967BF316}
	EndGlobalSection
EndGlobal
