
Microsoft Visual Studio Solution File, Format Version 12.00
# Visual Studio Version 17
VisualStudioVersion = 17.11.35327.3
MinimumVisualStudioVersion = 10.0.40219.1
Project("{FAE04EC0-301F-11D3-BF4B-00C04F79EFBC}") = "Test", "Test\Test.csproj", "{4C9768C6-CE67-425C-BB0F-DDB12E7C48DD}"
EndProject
Global
	GlobalSection(SolutionConfigurationPlatforms) = preSolution
		Debug|Any CPU = Debug|Any CPU
		Release|Any CPU = Release|Any CPU
	EndGlobalSection
	GlobalSection(ProjectConfigurationPlatforms) = postSolution
		{4C9768C6-CE67-425C-BB0F-DDB12E7C48DD}.Debug|Any CPU.ActiveCfg = Debug|Any CPU
		{4C9768C6-CE67-425C-BB0F-DDB12E7C48DD}.Debug|Any CPU.Build.0 = Debug|Any CPU
		{4C9768C6-CE67-425C-BB0F-DDB12E7C48DD}.Release|Any CPU.ActiveCfg = Release|Any CPU
		{4C9768C6-CE67-425C-BB0F-DDB12E7C48DD}.Release|Any CPU.Build.0 = Release|Any CPU
	EndGlobalSection
	GlobalSection(SolutionProperties) = preSolution
		HideSolutionNode = FALSE
	EndGlobalSection
	GlobalSection(ExtensibilityGlobals) = postSolution
		SolutionGuid = {35AB9996-4F2A-4298-AE31-34BB4B31F21C}
	EndGlobalSection
EndGlobal
