
Microsoft Visual Studio Solution File, Format Version 12.00
# Visual Studio Version 17
VisualStudioVersion = 17.11.35327.3
MinimumVisualStudioVersion = 10.0.40219.1
Project("{FAE04EC0-301F-11D3-BF4B-00C04F79EFBC}") = "RegEx(Regular Expression)", "RegEx(Regular Expression)\RegEx(Regular Expression).csproj", "{FA4A0857-ED4E-453D-AB0D-57AEC5B92F78}"
EndProject
Global
	GlobalSection(SolutionConfigurationPlatforms) = preSolution
		Debug|Any CPU = Debug|Any CPU
		Release|Any CPU = Release|Any CPU
	EndGlobalSection
	GlobalSection(ProjectConfigurationPlatforms) = postSolution
		{FA4A0857-ED4E-453D-AB0D-57AEC5B92F78}.Debug|Any CPU.ActiveCfg = Debug|Any CPU
		{FA4A0857-ED4E-453D-AB0D-57AEC5B92F78}.Debug|Any CPU.Build.0 = Debug|Any CPU
		{FA4A0857-ED4E-453D-AB0D-57AEC5B92F78}.Release|Any CPU.ActiveCfg = Release|Any CPU
		{FA4A0857-ED4E-453D-AB0D-57AEC5B92F78}.Release|Any CPU.Build.0 = Release|Any CPU
	EndGlobalSection
	GlobalSection(SolutionProperties) = preSolution
		HideSolutionNode = FALSE
	EndGlobalSection
	GlobalSection(ExtensibilityGlobals) = postSolution
		SolutionGuid = {A4DF63BC-82F5-4401-AE6E-F26488B9A1E4}
	EndGlobalSection
EndGlobal
