
Microsoft Visual Studio Solution File, Format Version 12.00
# Visual Studio Version 17
VisualStudioVersion = 17.11.35327.3
MinimumVisualStudioVersion = 10.0.40219.1
Project("{FAE04EC0-301F-11D3-BF4B-00C04F79EFBC}") = "DatabaseMVC", "DatabaseMVC\DatabaseMVC.csproj", "{108C3443-BCA1-4CF5-8355-CF3E9EFB7A97}"
EndProject
Project("{FAE04EC0-301F-11D3-BF4B-00C04F79EFBC}") = "Assignment", "Assignment\Assignment.csproj", "{618EAD99-CBB6-4AB8-BC75-2DC998B91C4C}"
EndProject
Global
	GlobalSection(SolutionConfigurationPlatforms) = preSolution
		Debug|Any CPU = Debug|Any CPU
		Release|Any CPU = Release|Any CPU
	EndGlobalSection
	GlobalSection(ProjectConfigurationPlatforms) = postSolution
		{108C3443-BCA1-4CF5-8355-CF3E9EFB7A97}.Debug|Any CPU.ActiveCfg = Debug|Any CPU
		{108C3443-BCA1-4CF5-8355-CF3E9EFB7A97}.Debug|Any CPU.Build.0 = Debug|Any CPU
		{108C3443-BCA1-4CF5-8355-CF3E9EFB7A97}.Release|Any CPU.ActiveCfg = Release|Any CPU
		{108C3443-BCA1-4CF5-8355-CF3E9EFB7A97}.Release|Any CPU.Build.0 = Release|Any CPU
		{618EAD99-CBB6-4AB8-BC75-2DC998B91C4C}.Debug|Any CPU.ActiveCfg = Debug|Any CPU
		{618EAD99-CBB6-4AB8-BC75-2DC998B91C4C}.Debug|Any CPU.Build.0 = Debug|Any CPU
		{618EAD99-CBB6-4AB8-BC75-2DC998B91C4C}.Release|Any CPU.ActiveCfg = Release|Any CPU
		{618EAD99-CBB6-4AB8-BC75-2DC998B91C4C}.Release|Any CPU.Build.0 = Release|Any CPU
	EndGlobalSection
	GlobalSection(SolutionProperties) = preSolution
		HideSolutionNode = FALSE
	EndGlobalSection
	GlobalSection(ExtensibilityGlobals) = postSolution
		SolutionGuid = {1CFA4639-28BC-414D-B2ED-AF3780B88A8A}
	EndGlobalSection
EndGlobal
