
Microsoft Visual Studio Solution File, Format Version 12.00
# Visual Studio Version 17
VisualStudioVersion = 17.11.35327.3
MinimumVisualStudioVersion = 10.0.40219.1
Project("{FAE04EC0-301F-11D3-BF4B-00C04F79EFBC}") = "ado", "ado\ado.csproj", "{2A989580-FAC7-4A38-B71E-DFD9D049A3A4}"
EndProject
Project("{FAE04EC0-301F-11D3-BF4B-00C04F79EFBC}") = "disconnnected data access", "disconnnected data access\disconnnected data access.csproj", "{A703924F-92E2-47B0-8430-B7E2C8438E28}"
EndProject
Project("{FAE04EC0-301F-11D3-BF4B-00C04F79EFBC}") = "connection less update", "connection less update\connection less update.csproj", "{11BC7A47-2D4E-4F7E-A0FC-974738AB839A}"
EndProject
Project("{FAE04EC0-301F-11D3-BF4B-00C04F79EFBC}") = "adding twounKown tablws", "adding twounKown tablws\adding twounKown tablws.csproj", "{82A15C62-3980-4285-9FE2-FDE10233C6ED}"
EndProject
Global
	GlobalSection(SolutionConfigurationPlatforms) = preSolution
		Debug|Any CPU = Debug|Any CPU
		Release|Any CPU = Release|Any CPU
	EndGlobalSection
	GlobalSection(ProjectConfigurationPlatforms) = postSolution
		{2A989580-FAC7-4A38-B71E-DFD9D049A3A4}.Debug|Any CPU.ActiveCfg = Debug|Any CPU
		{2A989580-FAC7-4A38-B71E-DFD9D049A3A4}.Debug|Any CPU.Build.0 = Debug|Any CPU
		{2A989580-FAC7-4A38-B71E-DFD9D049A3A4}.Release|Any CPU.ActiveCfg = Release|Any CPU
		{2A989580-FAC7-4A38-B71E-DFD9D049A3A4}.Release|Any CPU.Build.0 = Release|Any CPU
		{A703924F-92E2-47B0-8430-B7E2C8438E28}.Debug|Any CPU.ActiveCfg = Debug|Any CPU
		{A703924F-92E2-47B0-8430-B7E2C8438E28}.Debug|Any CPU.Build.0 = Debug|Any CPU
		{A703924F-92E2-47B0-8430-B7E2C8438E28}.Release|Any CPU.ActiveCfg = Release|Any CPU
		{A703924F-92E2-47B0-8430-B7E2C8438E28}.Release|Any CPU.Build.0 = Release|Any CPU
		{11BC7A47-2D4E-4F7E-A0FC-974738AB839A}.Debug|Any CPU.ActiveCfg = Debug|Any CPU
		{11BC7A47-2D4E-4F7E-A0FC-974738AB839A}.Debug|Any CPU.Build.0 = Debug|Any CPU
		{11BC7A47-2D4E-4F7E-A0FC-974738AB839A}.Release|Any CPU.ActiveCfg = Release|Any CPU
		{11BC7A47-2D4E-4F7E-A0FC-974738AB839A}.Release|Any CPU.Build.0 = Release|Any CPU
		{82A15C62-3980-4285-9FE2-FDE10233C6ED}.Debug|Any CPU.ActiveCfg = Debug|Any CPU
		{82A15C62-3980-4285-9FE2-FDE10233C6ED}.Debug|Any CPU.Build.0 = Debug|Any CPU
		{82A15C62-3980-4285-9FE2-FDE10233C6ED}.Release|Any CPU.ActiveCfg = Release|Any CPU
		{82A15C62-3980-4285-9FE2-FDE10233C6ED}.Release|Any CPU.Build.0 = Release|Any CPU
	EndGlobalSection
	GlobalSection(SolutionProperties) = preSolution
		HideSolutionNode = FALSE
	EndGlobalSection
	GlobalSection(ExtensibilityGlobals) = postSolution
		SolutionGuid = {D49D59B1-85ED-408B-8EE8-0D7FB36C5D6A}
	EndGlobalSection
EndGlobal
